# THIS IS AN AUTOGENERATED FILE. DO NOT EDIT THIS FILE DIRECTLY.
# yarn lockfile v1


normalizr@^3.2.4:
  version "3.2.4"
  resolved "https://registry.yarnpkg.com/normalizr/-/normalizr-3.2.4.tgz#16aafc540ca99dc1060ceaa1933556322eac4429"

reselect@^3.0.1:
  version "3.0.1"
  resolved "https://registry.yarnpkg.com/reselect/-/reselect-3.0.1.tgz#efdaa98ea7451324d092b2b2163a6a1d7a9a2147"
